{
  "name": "@quick-qui/prototype",
  "version": "1.4.1",
  "lockfileVersion": 2,
  "requires": true,
  "packages": {
    "": {
      "name": "@quick-qui/prototype",
      "version": "1.4.1",
      "license": "ISC",
      "dependencies": {
        "@quick-qui/implementation-model": "^1.5.1",
        "@quick-qui/model-defines": "^2.7.0",
        "@quick-qui/models": "^1.1.0"
      }
    },
    "node_modules/@babel/runtime": {
      "version": "7.13.10",
      "resolved": "https://registry.npmjs.org/@babel/runtime/-/runtime-7.13.10.tgz",
      "integrity": "sha512-4QPkjJq6Ns3V/RgpEahRk+AGfL0eO6RHHtTWoNNr5mO49G6B5+X6d6THgWEAvTrznU5xYpbAlVKRYcsCgh/Akw==",
      "dependencies": {
        "regenerator-runtime": "^0.13.4"
      }
    },
    "node_modules/@hapi/hoek": {
      "version": "6.2.4",
      "resolved": "https://registry.npmjs.org/@hapi/hoek/-/hoek-6.2.4.tgz",
      "integrity": "sha512-HOJ20Kc93DkDVvjwHyHawPwPkX44sIrbXazAUDiUXaY2R9JwQGo2PhFfnQtdrsIe4igjG2fPgMra7NYw7qhy0A==",
      "deprecated": "This version has been deprecated in accordance with the hapi support policy (hapi.im/support). Please upgrade to the latest version to get the best features, bug fixes, and security patches. If you are unable to upgrade at this time, paid support is available for older versions (hapi.im/commercial)."
    },
    "node_modules/@hapi/joi": {
      "version": "14.5.0",
      "resolved": "https://registry.npmjs.org/@hapi/joi/-/joi-14.5.0.tgz",
      "integrity": "sha512-q8oNlQWQpN14j6lMkaQqVdG8km+Ni32ZeuJ+sSOB+5a5VsIY6KVpPvdoMU/XKyAS7P7qP0TgM9fFGC2d8dB6hA==",
      "deprecated": "Switch to 'npm install joi'",
      "dependencies": {
        "@hapi/hoek": "6.x.x",
        "@hapi/marker": "1.x.x",
        "@hapi/topo": "3.x.x",
        "isemail": "3.x.x"
      }
    },
    "node_modules/@hapi/marker": {
      "version": "1.0.0",
      "resolved": "https://registry.npmjs.org/@hapi/marker/-/marker-1.0.0.tgz",
      "integrity": "sha512-JOfdekTXnJexfE8PyhZFyHvHjt81rBFSAbTIRAhF2vv/2Y1JzoKsGqxH/GpZJoF7aEfYok8JVcAHmSz1gkBieA==",
      "deprecated": "This module is no longer maintained"
    },
    "node_modules/@hapi/topo": {
      "version": "3.1.6",
      "resolved": "https://registry.npmjs.org/@hapi/topo/-/topo-3.1.6.tgz",
      "integrity": "sha512-tAag0jEcjwH+P2quUfipd7liWCNX2F8NvYjQp2wtInsZxnMlypdw0FtAOLxtvvkO+GSRRbmNi8m/5y42PQJYCQ==",
      "deprecated": "This version has been deprecated and is no longer supported or maintained",
      "dependencies": {
        "@hapi/hoek": "^8.3.0"
      }
    },
    "node_modules/@hapi/topo/node_modules/@hapi/hoek": {
      "version": "8.5.1",
      "resolved": "https://registry.npmjs.org/@hapi/hoek/-/hoek-8.5.1.tgz",
      "integrity": "sha512-yN7kbciD87WzLGc5539Tn0sApjyiGHAJgKvG9W8C7O+6c7qmoQMfVs0W4bX17eqz6C78QJqqFrtgdK5EWf6Qow==",
      "deprecated": "This version has been deprecated and is no longer supported or maintained"
    },
    "node_modules/@quick-qui/implementation-model": {
      "version": "1.5.1",
      "resolved": "https://registry.npmjs.org/@quick-qui/implementation-model/-/implementation-model-1.5.1.tgz",
      "integrity": "sha512-c8vdCkAMdLKy9qPEL5pDRPK530m5kgKfIqKLY7NcrVaZC6VWoccSYzmmbGp8SQMvteOkLtbmlUK8jfUwbpSYhQ=="
    },
    "node_modules/@quick-qui/model-core": {
      "version": "2.1.1",
      "resolved": "https://registry.npmjs.org/@quick-qui/model-core/-/model-core-2.1.1.tgz",
      "integrity": "sha512-Bqbq2F5iHCpxUM+vh7f6NFec44dMF3xLVOW6QXAUlykv0puteJjqg1pterqQvm35MMCir5jbaUfGaMFzgjEkSQ==",
      "dependencies": {
        "fp-ts": "^2.4.1",
        "io-ts": "^2.0.5"
      }
    },
    "node_modules/@quick-qui/model-defines": {
      "version": "2.7.4",
      "resolved": "https://registry.npmjs.org/@quick-qui/model-defines/-/model-defines-2.7.4.tgz",
      "integrity": "sha512-GV++ej8/82bkaqavV3/uxxHuf9842flCkjYxMMW2xPjXKTp2pSQQp4Drpowz6BgU2ALqtmsRh0oo1rBRZ2i5dg==",
      "dependencies": {
        "@hapi/joi": "^14.5.0",
        "@quick-qui/model-core": "^2.1.0",
        "@quick-qui/util": "^1.2.1",
        "@types/hapi__joi": "^15.0.4",
        "@types/lodash": "^4.14.165",
        "@types/ramda": "^0.26.44",
        "enjoi": "^6.0.2",
        "lodash": "^4.17.20",
        "merge-options": "^2.0.0",
        "ramda": "^0.26.1",
        "typescript": "^3.9.7"
      }
    },
    "node_modules/@quick-qui/models": {
      "version": "1.1.0",
      "resolved": "https://registry.npmjs.org/@quick-qui/models/-/models-1.1.0.tgz",
      "integrity": "sha512-Z79eLHEJ27lFWeDZVeQ1MXgaCzjQ58qOMFskaX7VMaalX0aAb39I+cAmr6WB8Mn25+TvarX0HTPeRaBrkLS7qw=="
    },
    "node_modules/@quick-qui/util": {
      "version": "1.4.0",
      "resolved": "https://registry.npmjs.org/@quick-qui/util/-/util-1.4.0.tgz",
      "integrity": "sha512-MkHar3PfBxGL4X9+unCe4hxpofK7h15OrLs0Iwi96oMGB5pBvepm43u/OsE7sNRcVIjnxJJaPor7CZvcguX/4A==",
      "dependencies": {
        "@types/lodash": "^4.14.165",
        "debug-logger": "^0.4.1",
        "jexl": "^2.3.0",
        "lodash": "^4.17.20",
        "merge-options": "^3.0.4",
        "uri-js": "^4.4.0"
      }
    },
    "node_modules/@quick-qui/util/node_modules/merge-options": {
      "version": "3.0.4",
      "resolved": "https://registry.npmjs.org/merge-options/-/merge-options-3.0.4.tgz",
      "integrity": "sha512-2Sug1+knBjkaMsMgf1ctR1Ujx+Ayku4EdJN4Z+C2+JzoeF7A3OZ9KM2GY0CpQS51NR61LTurMJrRKPhSs3ZRTQ==",
      "dependencies": {
        "is-plain-obj": "^2.1.0"
      },
      "engines": {
        "node": ">=10"
      }
    },
    "node_modules/@types/hapi__joi": {
      "version": "15.0.4",
      "resolved": "https://registry.npmjs.org/@types/hapi__joi/-/hapi__joi-15.0.4.tgz",
      "integrity": "sha512-VSS6zc7AIOdHVXmqKaGNPYl8eGrMvWi0R5pt3evJL3UdxO8XS28/XAkBXNyLQoymHxhMd4bF3o1U9mZkWDeN8w==",
      "dependencies": {
        "@types/hapi__joi": "*"
      }
    },
    "node_modules/@types/lodash": {
      "version": "4.14.168",
      "resolved": "https://registry.npmjs.org/@types/lodash/-/lodash-4.14.168.tgz",
      "integrity": "sha512-oVfRvqHV/V6D1yifJbVRU3TMp8OT6o6BG+U9MkwuJ3U8/CsDHvalRpsxBqivn71ztOFZBTfJMvETbqHiaNSj7Q=="
    },
    "node_modules/@types/ramda": {
      "version": "0.26.44",
      "resolved": "https://registry.npmjs.org/@types/ramda/-/ramda-0.26.44.tgz",
      "integrity": "sha512-s0cj9rylWw+Ax/AnttCQzMrLZGq/OxAIZgrkRLK1QHJIF6Qabd0//acMCFM6+Xb8Bi8p8PkT2fqpaQveRju/kA==",
      "dependencies": {
        "ts-toolbelt": "^6.3.3"
      }
    },
    "node_modules/debug": {
      "version": "2.6.9",
      "resolved": "https://registry.npmjs.org/debug/-/debug-2.6.9.tgz",
      "integrity": "sha512-bC7ElrdJaJnPbAP+1EotYvqZsb3ecl5wi6Bfi6BJTUcNowp6cvspg0jXznRTKDjm/E7AdgFBVeAPVMNcKGsHMA==",
      "dependencies": {
        "ms": "2.0.0"
      }
    },
    "node_modules/debug-logger": {
      "version": "0.4.1",
      "resolved": "https://registry.npmjs.org/debug-logger/-/debug-logger-0.4.1.tgz",
      "integrity": "sha1-4zhJw2njzTYbULKZ1xylIkuqGuE=",
      "dependencies": {
        "debug": "^2.1.0"
      }
    },
    "node_modules/enjoi": {
      "version": "6.0.2",
      "resolved": "https://registry.npmjs.org/enjoi/-/enjoi-6.0.2.tgz",
      "integrity": "sha512-xnJOQO1NCyRv9AwUnbfm/DLfG/kgaswoBGgesZHpbvvbRNll034VgwpbgFpRP3afnyK5adDy7JhKMOCB6EwOcA==",
      "dependencies": {
        "@hapi/hoek": "^6.0.0"
      },
      "engines": {
        "node": ">=8"
      },
      "peerDependencies": {
        "@hapi/joi": "^14.0.0"
      }
    },
    "node_modules/fp-ts": {
      "version": "2.10.1",
      "resolved": "https://registry.npmjs.org/fp-ts/-/fp-ts-2.10.1.tgz",
      "integrity": "sha512-5Fa35jOD3rGREJEVgp8w4kqbJBQpcLU6p7juzJTK0+SrGLK6b7g9XSBhHdW332AGr2GoyOocc6jifKk6L7iIag=="
    },
    "node_modules/io-ts": {
      "version": "2.2.16",
      "resolved": "https://registry.npmjs.org/io-ts/-/io-ts-2.2.16.tgz",
      "integrity": "sha512-y5TTSa6VP6le0hhmIyN0dqEXkrZeJLeC5KApJq6VLci3UEKF80lZ+KuoUs02RhBxNWlrqSNxzfI7otLX1Euv8Q==",
      "peerDependencies": {
        "fp-ts": "^2.5.0"
      }
    },
    "node_modules/is-plain-obj": {
      "version": "2.1.0",
      "resolved": "https://registry.npmjs.org/is-plain-obj/-/is-plain-obj-2.1.0.tgz",
      "integrity": "sha512-YWnfyRwxL/+SsrWYfOpUtz5b3YD+nyfkHvjbcanzk8zgyO4ASD67uVMRt8k5bM4lLMDnXfriRhOpemw+NfT1eA==",
      "engines": {
        "node": ">=8"
      }
    },
    "node_modules/isemail": {
      "version": "3.2.0",
      "resolved": "https://registry.npmjs.org/isemail/-/isemail-3.2.0.tgz",
      "integrity": "sha512-zKqkK+O+dGqevc93KNsbZ/TqTUFd46MwWjYOoMrjIMZ51eU7DtQG3Wmd9SQQT7i7RVnuTPEiYEWHU3MSbxC1Tg==",
      "dependencies": {
        "punycode": "2.x.x"
      },
      "engines": {
        "node": ">=4.0.0"
      }
    },
    "node_modules/jexl": {
      "version": "2.3.0",
      "resolved": "https://registry.npmjs.org/jexl/-/jexl-2.3.0.tgz",
      "integrity": "sha512-ecqln4kTWNkMwbFvTukOMDq1jy1GcPzvshhMp/s4pxU86xdLDq7HbDRa87DfMfbSAOS8V6EwvCdfs0S+w/iycA==",
      "dependencies": {
        "@babel/runtime": "^7.10.2"
      }
    },
    "node_modules/lodash": {
      "version": "4.17.21",
      "resolved": "https://registry.npmjs.org/lodash/-/lodash-4.17.21.tgz",
      "integrity": "sha512-v2kDEe57lecTulaDIuNTPy3Ry4gLGJ6Z1O3vE1krgXZNrsQ+LFTGHVxVjcXPs17LhbZVGedAJv8XZ1tvj5FvSg=="
    },
    "node_modules/merge-options": {
      "version": "2.0.0",
      "resolved": "https://registry.npmjs.org/merge-options/-/merge-options-2.0.0.tgz",
      "integrity": "sha512-S7xYIeWHl2ZUKF7SDeBhGg6rfv5bKxVBdk95s/I7wVF8d+hjLSztJ/B271cnUiF6CAFduEQ5Zn3HYwAjT16DlQ==",
      "dependencies": {
        "is-plain-obj": "^2.0.0"
      },
      "engines": {
        "node": ">=8"
      }
    },
    "node_modules/ms": {
      "version": "2.0.0",
      "resolved": "https://registry.npmjs.org/ms/-/ms-2.0.0.tgz",
      "integrity": "sha1-VgiurfwAvmwpAd9fmGF4jeDVl8g="
    },
    "node_modules/punycode": {
      "version": "2.1.1",
      "resolved": "https://registry.npmjs.org/punycode/-/punycode-2.1.1.tgz",
      "integrity": "sha512-XRsRjdf+j5ml+y/6GKHPZbrF/8p2Yga0JPtdqTIY2Xe5ohJPD9saDJJLPvp9+NSBprVvevdXZybnj2cv8OEd0A==",
      "engines": {
        "node": ">=6"
      }
    },
    "node_modules/ramda": {
      "version": "0.26.1",
      "resolved": "https://registry.npmjs.org/ramda/-/ramda-0.26.1.tgz",
      "integrity": "sha512-hLWjpy7EnsDBb0p+Z3B7rPi3GDeRG5ZtiI33kJhTt+ORCd38AbAIjB/9zRIUoeTbE/AVX5ZkU7m6bznsvrf8eQ=="
    },
    "node_modules/regenerator-runtime": {
      "version": "0.13.7",
      "resolved": "https://registry.npmjs.org/regenerator-runtime/-/regenerator-runtime-0.13.7.tgz",
      "integrity": "sha512-a54FxoJDIr27pgf7IgeQGxmqUNYrcV338lf/6gH456HZ/PhX+5BcwHXG9ajESmwe6WRO0tAzRUrRmNONWgkrew=="
    },
    "node_modules/ts-toolbelt": {
      "version": "6.15.5",
      "resolved": "https://registry.npmjs.org/ts-toolbelt/-/ts-toolbelt-6.15.5.tgz",
      "integrity": "sha512-FZIXf1ksVyLcfr7M317jbB67XFJhOO1YqdTcuGaq9q5jLUoTikukZ+98TPjKiP2jC5CgmYdWWYs0s2nLSU0/1A=="
    },
    "node_modules/typescript": {
      "version": "3.9.9",
      "resolved": "https://registry.npmjs.org/typescript/-/typescript-3.9.9.tgz",
      "integrity": "sha512-kdMjTiekY+z/ubJCATUPlRDl39vXYiMV9iyeMuEuXZh2we6zz80uovNN2WlAxmmdE/Z/YQe+EbOEXB5RHEED3w==",
      "bin": {
        "tsc": "bin/tsc",
        "tsserver": "bin/tsserver"
      },
      "engines": {
        "node": ">=4.2.0"
      }
    },
    "node_modules/uri-js": {
      "version": "4.4.1",
      "resolved": "https://registry.npmjs.org/uri-js/-/uri-js-4.4.1.tgz",
      "integrity": "sha512-7rKUyy33Q1yc98pQ1DAmLtwX109F7TIfWlW1Ydo8Wl1ii1SeHieeh0HHfPeL2fMXK6z0s8ecKs9frCuLJvndBg==",
      "dependencies": {
        "punycode": "^2.1.0"
      }
    }
  },
  "dependencies": {
    "@babel/runtime": {
      "version": "7.13.10",
      "resolved": "https://registry.npmjs.org/@babel/runtime/-/runtime-7.13.10.tgz",
      "integrity": "sha512-4QPkjJq6Ns3V/RgpEahRk+AGfL0eO6RHHtTWoNNr5mO49G6B5+X6d6THgWEAvTrznU5xYpbAlVKRYcsCgh/Akw==",
      "requires": {
        "regenerator-runtime": "^0.13.4"
      }
    },
    "@hapi/hoek": {
      "version": "6.2.4",
      "resolved": "https://registry.npmjs.org/@hapi/hoek/-/hoek-6.2.4.tgz",
      "integrity": "sha512-HOJ20Kc93DkDVvjwHyHawPwPkX44sIrbXazAUDiUXaY2R9JwQGo2PhFfnQtdrsIe4igjG2fPgMra7NYw7qhy0A=="
    },
    "@hapi/joi": {
      "version": "14.5.0",
      "resolved": "https://registry.npmjs.org/@hapi/joi/-/joi-14.5.0.tgz",
      "integrity": "sha512-q8oNlQWQpN14j6lMkaQqVdG8km+Ni32ZeuJ+sSOB+5a5VsIY6KVpPvdoMU/XKyAS7P7qP0TgM9fFGC2d8dB6hA==",
      "requires": {
        "@hapi/hoek": "6.x.x",
        "@hapi/marker": "1.x.x",
        "@hapi/topo": "3.x.x",
        "isemail": "3.x.x"
      }
    },
    "@hapi/marker": {
      "version": "1.0.0",
      "resolved": "https://registry.npmjs.org/@hapi/marker/-/marker-1.0.0.tgz",
      "integrity": "sha512-JOfdekTXnJexfE8PyhZFyHvHjt81rBFSAbTIRAhF2vv/2Y1JzoKsGqxH/GpZJoF7aEfYok8JVcAHmSz1gkBieA=="
    },
    "@hapi/topo": {
      "version": "3.1.6",
      "resolved": "https://registry.npmjs.org/@hapi/topo/-/topo-3.1.6.tgz",
      "integrity": "sha512-tAag0jEcjwH+P2quUfipd7liWCNX2F8NvYjQp2wtInsZxnMlypdw0FtAOLxtvvkO+GSRRbmNi8m/5y42PQJYCQ==",
      "requires": {
        "@hapi/hoek": "^8.3.0"
      },
      "dependencies": {
        "@hapi/hoek": {
          "version": "8.5.1",
          "resolved": "https://registry.npmjs.org/@hapi/hoek/-/hoek-8.5.1.tgz",
          "integrity": "sha512-yN7kbciD87WzLGc5539Tn0sApjyiGHAJgKvG9W8C7O+6c7qmoQMfVs0W4bX17eqz6C78QJqqFrtgdK5EWf6Qow=="
        }
      }
    },
    "@quick-qui/implementation-model": {
      "version": "1.5.1",
      "resolved": "https://registry.npmjs.org/@quick-qui/implementation-model/-/implementation-model-1.5.1.tgz",
      "integrity": "sha512-c8vdCkAMdLKy9qPEL5pDRPK530m5kgKfIqKLY7NcrVaZC6VWoccSYzmmbGp8SQMvteOkLtbmlUK8jfUwbpSYhQ=="
    },
    "@quick-qui/model-core": {
      "version": "2.1.1",
      "resolved": "https://registry.npmjs.org/@quick-qui/model-core/-/model-core-2.1.1.tgz",
      "integrity": "sha512-Bqbq2F5iHCpxUM+vh7f6NFec44dMF3xLVOW6QXAUlykv0puteJjqg1pterqQvm35MMCir5jbaUfGaMFzgjEkSQ==",
      "requires": {
        "fp-ts": "^2.4.1",
        "io-ts": "^2.0.5"
      }
    },
    "@quick-qui/model-defines": {
      "version": "2.7.4",
      "resolved": "https://registry.npmjs.org/@quick-qui/model-defines/-/model-defines-2.7.4.tgz",
      "integrity": "sha512-GV++ej8/82bkaqavV3/uxxHuf9842flCkjYxMMW2xPjXKTp2pSQQp4Drpowz6BgU2ALqtmsRh0oo1rBRZ2i5dg==",
      "requires": {
        "@hapi/joi": "^14.5.0",
        "@quick-qui/model-core": "^2.1.0",
        "@quick-qui/util": "^1.2.1",
        "@types/hapi__joi": "^15.0.4",
        "@types/lodash": "^4.14.165",
        "@types/ramda": "^0.26.44",
        "enjoi": "^6.0.2",
        "lodash": "^4.17.20",
        "merge-options": "^2.0.0",
        "ramda": "^0.26.1",
        "typescript": "^3.9.7"
      }
    },
    "@quick-qui/models": {
      "version": "1.1.0",
      "resolved": "https://registry.npmjs.org/@quick-qui/models/-/models-1.1.0.tgz",
      "integrity": "sha512-Z79eLHEJ27lFWeDZVeQ1MXgaCzjQ58qOMFskaX7VMaalX0aAb39I+cAmr6WB8Mn25+TvarX0HTPeRaBrkLS7qw=="
    },
    "@quick-qui/util": {
      "version": "1.4.0",
      "resolved": "https://registry.npmjs.org/@quick-qui/util/-/util-1.4.0.tgz",
      "integrity": "sha512-MkHar3PfBxGL4X9+unCe4hxpofK7h15OrLs0Iwi96oMGB5pBvepm43u/OsE7sNRcVIjnxJJaPor7CZvcguX/4A==",
      "requires": {
        "@types/lodash": "^4.14.165",
        "debug-logger": "^0.4.1",
        "jexl": "^2.3.0",
        "lodash": "^4.17.20",
        "merge-options": "^3.0.4",
        "uri-js": "^4.4.0"
      },
      "dependencies": {
        "merge-options": {
          "version": "3.0.4",
          "resolved": "https://registry.npmjs.org/merge-options/-/merge-options-3.0.4.tgz",
          "integrity": "sha512-2Sug1+knBjkaMsMgf1ctR1Ujx+Ayku4EdJN4Z+C2+JzoeF7A3OZ9KM2GY0CpQS51NR61LTurMJrRKPhSs3ZRTQ==",
          "requires": {
            "is-plain-obj": "^2.1.0"
          }
        }
      }
    },
    "@types/hapi__joi": {
      "version": "15.0.4",
      "resolved": "https://registry.npmjs.org/@types/hapi__joi/-/hapi__joi-15.0.4.tgz",
      "integrity": "sha512-VSS6zc7AIOdHVXmqKaGNPYl8eGrMvWi0R5pt3evJL3UdxO8XS28/XAkBXNyLQoymHxhMd4bF3o1U9mZkWDeN8w==",
      "requires": {
        "@types/hapi__joi": "*"
      }
    },
    "@types/lodash": {
      "version": "4.14.168",
      "resolved": "https://registry.npmjs.org/@types/lodash/-/lodash-4.14.168.tgz",
      "integrity": "sha512-oVfRvqHV/V6D1yifJbVRU3TMp8OT6o6BG+U9MkwuJ3U8/CsDHvalRpsxBqivn71ztOFZBTfJMvETbqHiaNSj7Q=="
    },
    "@types/ramda": {
      "version": "0.26.44",
      "resolved": "https://registry.npmjs.org/@types/ramda/-/ramda-0.26.44.tgz",
      "integrity": "sha512-s0cj9rylWw+Ax/AnttCQzMrLZGq/OxAIZgrkRLK1QHJIF6Qabd0//acMCFM6+Xb8Bi8p8PkT2fqpaQveRju/kA==",
      "requires": {
        "ts-toolbelt": "^6.3.3"
      }
    },
    "debug": {
      "version": "2.6.9",
      "resolved": "https://registry.npmjs.org/debug/-/debug-2.6.9.tgz",
      "integrity": "sha512-bC7ElrdJaJnPbAP+1EotYvqZsb3ecl5wi6Bfi6BJTUcNowp6cvspg0jXznRTKDjm/E7AdgFBVeAPVMNcKGsHMA==",
      "requires": {
        "ms": "2.0.0"
      }
    },
    "debug-logger": {
      "version": "0.4.1",
      "resolved": "https://registry.npmjs.org/debug-logger/-/debug-logger-0.4.1.tgz",
      "integrity": "sha1-4zhJw2njzTYbULKZ1xylIkuqGuE=",
      "requires": {
        "debug": "^2.1.0"
      }
    },
    "enjoi": {
      "version": "6.0.2",
      "resolved": "https://registry.npmjs.org/enjoi/-/enjoi-6.0.2.tgz",
      "integrity": "sha512-xnJOQO1NCyRv9AwUnbfm/DLfG/kgaswoBGgesZHpbvvbRNll034VgwpbgFpRP3afnyK5adDy7JhKMOCB6EwOcA==",
      "requires": {
        "@hapi/hoek": "^6.0.0"
      }
    },
    "fp-ts": {
      "version": "2.10.1",
      "resolved": "https://registry.npmjs.org/fp-ts/-/fp-ts-2.10.1.tgz",
      "integrity": "sha512-5Fa35jOD3rGREJEVgp8w4kqbJBQpcLU6p7juzJTK0+SrGLK6b7g9XSBhHdW332AGr2GoyOocc6jifKk6L7iIag=="
    },
    "io-ts": {
      "version": "2.2.16",
      "resolved": "https://registry.npmjs.org/io-ts/-/io-ts-2.2.16.tgz",
      "integrity": "sha512-y5TTSa6VP6le0hhmIyN0dqEXkrZeJLeC5KApJq6VLci3UEKF80lZ+KuoUs02RhBxNWlrqSNxzfI7otLX1Euv8Q==",
      "requires": {}
    },
    "is-plain-obj": {
      "version": "2.1.0",
      "resolved": "https://registry.npmjs.org/is-plain-obj/-/is-plain-obj-2.1.0.tgz",
      "integrity": "sha512-YWnfyRwxL/+SsrWYfOpUtz5b3YD+nyfkHvjbcanzk8zgyO4ASD67uVMRt8k5bM4lLMDnXfriRhOpemw+NfT1eA=="
    },
    "isemail": {
      "version": "3.2.0",
      "resolved": "https://registry.npmjs.org/isemail/-/isemail-3.2.0.tgz",
      "integrity": "sha512-zKqkK+O+dGqevc93KNsbZ/TqTUFd46MwWjYOoMrjIMZ51eU7DtQG3Wmd9SQQT7i7RVnuTPEiYEWHU3MSbxC1Tg==",
      "requires": {
        "punycode": "2.x.x"
      }
    },
    "jexl": {
      "version": "2.3.0",
      "resolved": "https://registry.npmjs.org/jexl/-/jexl-2.3.0.tgz",
      "integrity": "sha512-ecqln4kTWNkMwbFvTukOMDq1jy1GcPzvshhMp/s4pxU86xdLDq7HbDRa87DfMfbSAOS8V6EwvCdfs0S+w/iycA==",
      "requires": {
        "@babel/runtime": "^7.10.2"
      }
    },
    "lodash": {
      "version": "4.17.21",
      "resolved": "https://registry.npmjs.org/lodash/-/lodash-4.17.21.tgz",
      "integrity": "sha512-v2kDEe57lecTulaDIuNTPy3Ry4gLGJ6Z1O3vE1krgXZNrsQ+LFTGHVxVjcXPs17LhbZVGedAJv8XZ1tvj5FvSg=="
    },
    "merge-options": {
      "version": "2.0.0",
      "resolved": "https://registry.npmjs.org/merge-options/-/merge-options-2.0.0.tgz",
      "integrity": "sha512-S7xYIeWHl2ZUKF7SDeBhGg6rfv5bKxVBdk95s/I7wVF8d+hjLSztJ/B271cnUiF6CAFduEQ5Zn3HYwAjT16DlQ==",
      "requires": {
        "is-plain-obj": "^2.0.0"
      }
    },
    "ms": {
      "version": "2.0.0",
      "resolved": "https://registry.npmjs.org/ms/-/ms-2.0.0.tgz",
      "integrity": "sha1-VgiurfwAvmwpAd9fmGF4jeDVl8g="
    },
    "punycode": {
      "version": "2.1.1",
      "resolved": "https://registry.npmjs.org/punycode/-/punycode-2.1.1.tgz",
      "integrity": "sha512-XRsRjdf+j5ml+y/6GKHPZbrF/8p2Yga0JPtdqTIY2Xe5ohJPD9saDJJLPvp9+NSBprVvevdXZybnj2cv8OEd0A=="
    },
    "ramda": {
      "version": "0.26.1",
      "resolved": "https://registry.npmjs.org/ramda/-/ramda-0.26.1.tgz",
      "integrity": "sha512-hLWjpy7EnsDBb0p+Z3B7rPi3GDeRG5ZtiI33kJhTt+ORCd38AbAIjB/9zRIUoeTbE/AVX5ZkU7m6bznsvrf8eQ=="
    },
    "regenerator-runtime": {
      "version": "0.13.7",
      "resolved": "https://registry.npmjs.org/regenerator-runtime/-/regenerator-runtime-0.13.7.tgz",
      "integrity": "sha512-a54FxoJDIr27pgf7IgeQGxmqUNYrcV338lf/6gH456HZ/PhX+5BcwHXG9ajESmwe6WRO0tAzRUrRmNONWgkrew=="
    },
    "ts-toolbelt": {
      "version": "6.15.5",
      "resolved": "https://registry.npmjs.org/ts-toolbelt/-/ts-toolbelt-6.15.5.tgz",
      "integrity": "sha512-FZIXf1ksVyLcfr7M317jbB67XFJhOO1YqdTcuGaq9q5jLUoTikukZ+98TPjKiP2jC5CgmYdWWYs0s2nLSU0/1A=="
    },
    "typescript": {
      "version": "3.9.9",
      "resolved": "https://registry.npmjs.org/typescript/-/typescript-3.9.9.tgz",
      "integrity": "sha512-kdMjTiekY+z/ubJCATUPlRDl39vXYiMV9iyeMuEuXZh2we6zz80uovNN2WlAxmmdE/Z/YQe+EbOEXB5RHEED3w=="
    },
    "uri-js": {
      "version": "4.4.1",
      "resolved": "https://registry.npmjs.org/uri-js/-/uri-js-4.4.1.tgz",
      "integrity": "sha512-7rKUyy33Q1yc98pQ1DAmLtwX109F7TIfWlW1Ydo8Wl1ii1SeHieeh0HHfPeL2fMXK6z0s8ecKs9frCuLJvndBg==",
      "requires": {
        "punycode": "^2.1.0"
      }
    }
  }
}
