{
  "name": "prototype",
  "version": "1.0.0",
  "lockfileVersion": 1,
  "requires": true,
  "dependencies": {
    "@hapi/hoek": {
      "version": "6.2.4",
      "resolved": "https://registry.npmjs.org/@hapi/hoek/-/hoek-6.2.4.tgz",
      "integrity": "sha512-HOJ20Kc93DkDVvjwHyHawPwPkX44sIrbXazAUDiUXaY2R9JwQGo2PhFfnQtdrsIe4igjG2fPgMra7NYw7qhy0A=="
    },
    "@hapi/joi": {
      "version": "14.5.0",
      "resolved": "https://registry.npmjs.org/@hapi/joi/-/joi-14.5.0.tgz",
      "integrity": "sha512-q8oNlQWQpN14j6lMkaQqVdG8km+Ni32ZeuJ+sSOB+5a5VsIY6KVpPvdoMU/XKyAS7P7qP0TgM9fFGC2d8dB6hA==",
      "requires": {
        "@hapi/hoek": "6.x.x",
        "@hapi/marker": "1.x.x",
        "@hapi/topo": "3.x.x",
        "isemail": "3.x.x"
      }
    },
    "@hapi/marker": {
      "version": "1.0.0",
      "resolved": "https://registry.npmjs.org/@hapi/marker/-/marker-1.0.0.tgz",
      "integrity": "sha512-JOfdekTXnJexfE8PyhZFyHvHjt81rBFSAbTIRAhF2vv/2Y1JzoKsGqxH/GpZJoF7aEfYok8JVcAHmSz1gkBieA=="
    },
    "@hapi/topo": {
      "version": "3.1.6",
      "resolved": "https://registry.npmjs.org/@hapi/topo/-/topo-3.1.6.tgz",
      "integrity": "sha512-tAag0jEcjwH+P2quUfipd7liWCNX2F8NvYjQp2wtInsZxnMlypdw0FtAOLxtvvkO+GSRRbmNi8m/5y42PQJYCQ==",
      "requires": {
        "@hapi/hoek": "^8.3.0"
      },
      "dependencies": {
        "@hapi/hoek": {
          "version": "8.5.0",
          "resolved": "https://registry.npmjs.org/@hapi/hoek/-/hoek-8.5.0.tgz",
          "integrity": "sha512-7XYT10CZfPsH7j9F1Jmg1+d0ezOux2oM2GfArAzLwWe4mE2Dr3hVjsAL6+TFY49RRJlCdJDMw3nJsLFroTc8Kw=="
        }
      }
    },
    "@quick-qui/model-core": {
      "version": "2.0.0",
      "resolved": "https://registry.npmjs.org/@quick-qui/model-core/-/model-core-2.0.0.tgz",
      "integrity": "sha512-a6XzU/EI3GJIu2Vz4YeI3pVJYAS0FTdqWwMpMDsPrTWpqdjVvv7N/o/tKpB77KNgsaAu61Jim4bEhQCRSYBwBQ==",
      "requires": {
        "fp-ts": "^2.1.1",
        "io-ts": "^2.0.1",
        "typescript": "^3.6.4",
        "ulog": "^1.1.0"
      }
    },
    "@quick-qui/model-defines": {
      "version": "2.2.0",
      "resolved": "https://registry.npmjs.org/@quick-qui/model-defines/-/model-defines-2.2.0.tgz",
      "integrity": "sha512-3DFX5VnOwg+k68OR7wqO1+jY2y+pmUPUS24ygKdjUCmeQ8vUu331QTKlMnU3z7z8iR93nUqnL1A+w00kjyk73w==",
      "requires": {
        "@hapi/joi": "^14.5.0",
        "@quick-qui/model-core": "^2.0.0",
        "@types/hapi__joi": "^15.0.4",
        "@types/lodash": "^4.14.148",
        "@types/ramda": "^0.26.34",
        "ajv": "^6.10.2",
        "enjoi": "^6.0.0",
        "lodash": "^4.17.15",
        "merge-options": "^2.0.0",
        "ramda": "^0.26.1",
        "typescript": "^3.7.3"
      }
    },
    "@types/hapi__joi": {
      "version": "15.0.4",
      "resolved": "https://registry.npmjs.org/@types/hapi__joi/-/hapi__joi-15.0.4.tgz",
      "integrity": "sha512-VSS6zc7AIOdHVXmqKaGNPYl8eGrMvWi0R5pt3evJL3UdxO8XS28/XAkBXNyLQoymHxhMd4bF3o1U9mZkWDeN8w==",
      "requires": {
        "@types/hapi__joi": "*"
      }
    },
    "@types/lodash": {
      "version": "4.14.149",
      "resolved": "https://registry.npmjs.org/@types/lodash/-/lodash-4.14.149.tgz",
      "integrity": "sha512-ijGqzZt/b7BfzcK9vTrS6MFljQRPn5BFWOx8oE0GYxribu6uV+aA9zZuXI1zc/etK9E8nrgdoF2+LgUw7+9tJQ=="
    },
    "@types/ramda": {
      "version": "0.26.38",
      "resolved": "https://registry.npmjs.org/@types/ramda/-/ramda-0.26.38.tgz",
      "integrity": "sha512-legQx15y72vedr5fkVTb5xZaI/OXMzJgZYbMxVL5r269sOg7fZIeitEOumcevMPOMZdqH4cMoL35VuU13TLvVA==",
      "requires": {
        "ts-toolbelt": "^4.12.0"
      }
    },
    "ajv": {
      "version": "6.10.2",
      "resolved": "https://registry.npmjs.org/ajv/-/ajv-6.10.2.tgz",
      "integrity": "sha512-TXtUUEYHuaTEbLZWIKUr5pmBuhDLy+8KYtPYdcV8qC+pOZL+NKqYwvWSRrVXHn+ZmRRAu8vJTAznH7Oag6RVRw==",
      "requires": {
        "fast-deep-equal": "^2.0.1",
        "fast-json-stable-stringify": "^2.0.0",
        "json-schema-traverse": "^0.4.1",
        "uri-js": "^4.2.2"
      }
    },
    "enjoi": {
      "version": "6.0.0",
      "resolved": "https://registry.npmjs.org/enjoi/-/enjoi-6.0.0.tgz",
      "integrity": "sha512-yX5C5AEhtRPVpav/vWOTk8VyM8gFLL85ijBo93b3lBucMbd3Yd/8cM65IMc5VzvcU8UumTxDP+0JcajksZAe8w==",
      "requires": {
        "@hapi/hoek": "^6.0.0"
      }
    },
    "fast-deep-equal": {
      "version": "2.0.1",
      "resolved": "https://registry.npmjs.org/fast-deep-equal/-/fast-deep-equal-2.0.1.tgz",
      "integrity": "sha1-ewUhjd+WZ79/Nwv3/bLLFf3Qqkk="
    },
    "fast-json-stable-stringify": {
      "version": "2.1.0",
      "resolved": "https://registry.npmjs.org/fast-json-stable-stringify/-/fast-json-stable-stringify-2.1.0.tgz",
      "integrity": "sha512-lhd/wF+Lk98HZoTCtlVraHtfh5XYijIjalXck7saUtuanSDyLMxnHhSXEDJqHxD7msR8D0uCmqlkwjCV8xvwHw=="
    },
    "fp-ts": {
      "version": "2.3.1",
      "resolved": "https://registry.npmjs.org/fp-ts/-/fp-ts-2.3.1.tgz",
      "integrity": "sha512-KevPBnYt0aaJiuUzmU9YIxjrhC9AgJ8CLtLlXmwArovlNTeYM5NtEoKd86B0wHd7FIbzeE8sNXzCoYIOr7e6Iw=="
    },
    "io-ts": {
      "version": "2.0.2",
      "resolved": "https://registry.npmjs.org/io-ts/-/io-ts-2.0.2.tgz",
      "integrity": "sha512-ydQnGMAlUJ1n+UZkBWDClm/v5OqPbe7RI8U3AgPJ3FqYQtDyu5PvJ3CUbB5ES9OFbR92NIu1rTl6R3eEOeET/A=="
    },
    "is-plain-obj": {
      "version": "2.0.0",
      "resolved": "https://registry.npmjs.org/is-plain-obj/-/is-plain-obj-2.0.0.tgz",
      "integrity": "sha512-EYisGhpgSCwspmIuRHGjROWTon2Xp8Z7U03Wubk/bTL5TTRC5R1rGVgyjzBrk9+ULdH6cRD06KRcw/xfqhVYKQ=="
    },
    "isemail": {
      "version": "3.2.0",
      "resolved": "https://registry.npmjs.org/isemail/-/isemail-3.2.0.tgz",
      "integrity": "sha512-zKqkK+O+dGqevc93KNsbZ/TqTUFd46MwWjYOoMrjIMZ51eU7DtQG3Wmd9SQQT7i7RVnuTPEiYEWHU3MSbxC1Tg==",
      "requires": {
        "punycode": "2.x.x"
      }
    },
    "json-schema-traverse": {
      "version": "0.4.1",
      "resolved": "https://registry.npmjs.org/json-schema-traverse/-/json-schema-traverse-0.4.1.tgz",
      "integrity": "sha512-xbbCH5dCYU5T8LcEhhuh7HJ88HXuW3qsI3Y0zOZFKfZEHcpWiHU/Jxzk629Brsab/mMiHQti9wMP+845RPe3Vg=="
    },
    "lodash": {
      "version": "4.17.15",
      "resolved": "https://registry.npmjs.org/lodash/-/lodash-4.17.15.tgz",
      "integrity": "sha512-8xOcRHvCjnocdS5cpwXQXVzmmh5e5+saE2QGoeQmbKmRS6J3VQppPOIt0MnmE+4xlZoumy0GPG0D0MVIQbNA1A=="
    },
    "merge-options": {
      "version": "2.0.0",
      "resolved": "https://registry.npmjs.org/merge-options/-/merge-options-2.0.0.tgz",
      "integrity": "sha512-S7xYIeWHl2ZUKF7SDeBhGg6rfv5bKxVBdk95s/I7wVF8d+hjLSztJ/B271cnUiF6CAFduEQ5Zn3HYwAjT16DlQ==",
      "requires": {
        "is-plain-obj": "^2.0.0"
      }
    },
    "punycode": {
      "version": "2.1.1",
      "resolved": "https://registry.npmjs.org/punycode/-/punycode-2.1.1.tgz",
      "integrity": "sha512-XRsRjdf+j5ml+y/6GKHPZbrF/8p2Yga0JPtdqTIY2Xe5ohJPD9saDJJLPvp9+NSBprVvevdXZybnj2cv8OEd0A=="
    },
    "ramda": {
      "version": "0.26.1",
      "resolved": "https://registry.npmjs.org/ramda/-/ramda-0.26.1.tgz",
      "integrity": "sha512-hLWjpy7EnsDBb0p+Z3B7rPi3GDeRG5ZtiI33kJhTt+ORCd38AbAIjB/9zRIUoeTbE/AVX5ZkU7m6bznsvrf8eQ=="
    },
    "ts-toolbelt": {
      "version": "4.14.6",
      "resolved": "https://registry.npmjs.org/ts-toolbelt/-/ts-toolbelt-4.14.6.tgz",
      "integrity": "sha512-SONcnRd93+LuYGfn/CZg5A5qhCODohZslAVZKHHu5bnwUxoXLqd2k2VIdwRUXYfKnY+UCeNbI2pTPz+Dno6Mpg=="
    },
    "typescript": {
      "version": "3.7.3",
      "resolved": "https://registry.npmjs.org/typescript/-/typescript-3.7.3.tgz",
      "integrity": "sha512-Mcr/Qk7hXqFBXMN7p7Lusj1ktCBydylfQM/FZCk5glCNQJrCUKPkMHdo9R0MTFWsC/4kPFvDS0fDPvukfCkFsw=="
    },
    "ulog": {
      "version": "1.1.0",
      "resolved": "https://registry.npmjs.org/ulog/-/ulog-1.1.0.tgz",
      "integrity": "sha512-oQDYGh4w/ykGSpffEuwkqFnL5BYJa5HeV5PhpkjuAFwJCyjp2KjT2YDcFa8y4ie8kejdXMwpFCSF6HNM5Kia4g=="
    },
    "uri-js": {
      "version": "4.2.2",
      "resolved": "https://registry.npmjs.org/uri-js/-/uri-js-4.2.2.tgz",
      "integrity": "sha512-KY9Frmirql91X2Qgjry0Wd4Y+YTdrdZheS8TFwvkbLWf/G5KNJDCh6pKL5OZctEW4+0Baa5idK2ZQuELRwPznQ==",
      "requires": {
        "punycode": "^2.1.0"
      }
    }
  }
}
